schema: '2.0'
stages:
  train:
    cmd: py -m modeling.train_model
    deps:
    - path: data/processed/features.csv
      hash: md5
      md5: 666806a04f7a73e5ef7e02f0e5e8327e
      size: 6895273
    - path: modeling/train_model.py
      hash: md5
      md5: 1647baf153b98453dbf272a6136cf014
      size: 1051
    outs:
    - path: modeling/model.pkl
      hash: md5
      md5: 2f6c3a9991e6538115d8531d0bcc3efd
      size: 734840057
